%{
  "certifi": {:hex, :certifi, "2.0.0", "a0c0e475107135f76b8c1d5bc7efb33cd3815cb3cf3dea7aefdd174dabead064", [:rebar3], [], "hexpm"},
  "codepagex": {:hex, :codepagex, "0.1.4", "dae3bc57e9334c324914b32ed61c0a30929fac3e73dc71fc611ed7eeb2dcb867", [:mix], [], "hexpm"},
  "combine": {:hex, :combine, "0.10.0", "eff8224eeb56498a2af13011d142c5e7997a80c8f5b97c499f84c841032e429f", [:mix], [], "hexpm"},
  "floki": {:hex, :floki, "0.19.2", "907ffa47be1e07a6432564f48a2d8ca64731ee8fffe2f573b2f8944163387005", [:mix], [{:html_entities, "~> 0.4.0", [hex: :html_entities, repo: "hexpm", optional: false]}, {:mochiweb, "~> 2.15", [hex: :mochiweb, repo: "hexpm", optional: false]}], "hexpm"},
  "gettext": {:hex, :gettext, "0.13.1", "5e0daf4e7636d771c4c71ad5f3f53ba09a9ae5c250e1ab9c42ba9edccc476263", [:mix], [], "hexpm"},
  "hackney": {:hex, :hackney, "0.14.3", "fb8c6946bef651c6796f46fbee5d3891581b755baa9d373bc2da97c0ffa56ff1", [:make, :rebar], [{:idna, "1.0.1", [hex: :idna, repo: "hexpm", optional: false]}], "hexpm"},
  "hound": {:hex, :hound, "0.6.0", "1042a4f2214d11c8fd39a5ecb17c4f9733be978518b7e0a700f89f3216f0bb5f", [:mix], [{:httpoison, "~> 0.5.0", [hex: :httpoison, repo: "hexpm", optional: false]}, {:poison, "~> 1.3.0", [hex: :poison, repo: "hexpm", optional: false]}], "hexpm"},
  "html5ever": {:hex, :html5ever, "0.5.0", "16c186b48f8a4e3aac4b37ea40e10aad872cd8a742d36e8a55b8c2c3a724d639", [:mix], [{:rustler, "~> 0.10.1", [hex: :rustler, repo: "hexpm", optional: false]}], "hexpm"},
  "html_entities": {:hex, :html_entities, "0.4.0", "f2fee876858cf6aaa9db608820a3209e45a087c5177332799592142b50e89a6b", [:mix], [], "hexpm"},
  "httpoison": {:hex, :httpoison, "0.5.0", "9b3da68923a823de9abd5f563ecf0fe844954ebb108158eadec1d68c361a7b6e", [:mix], [{:hackney, "~> 0.14.1", [hex: :hackney, repo: "hexpm", optional: false]}], "hexpm"},
  "idna": {:hex, :idna, "1.0.1", "bfbf4ae0f4d346d46726d9d3084a84ffaef5fd2a0299090da07dcf65ea2088eb", [:make], [], "hexpm"},
  "metrics": {:hex, :metrics, "1.0.1", "25f094dea2cda98213cecc3aeff09e940299d950904393b2a29d191c346a8486", [:rebar3], [], "hexpm"},
  "mimerl": {:hex, :mimerl, "1.0.2", "993f9b0e084083405ed8252b99460c4f0563e41729ab42d9074fd5e52439be88", [:rebar3], [], "hexpm"},
  "mochiweb": {:hex, :mochiweb, "2.15.0", "e1daac474df07651e5d17cc1e642c4069c7850dc4508d3db7263a0651330aacc", [:rebar3], [], "hexpm"},
  "parallel": {:hex, :parallel, "0.0.3", "d1c9a03f0fd6c85ba174938b9823db51e01a68f9f0e76e3f3e11989cbeb607e7", [:mix], [], "hexpm"},
  "poison": {:hex, :poison, "1.3.1", "5df7a442df825ebd2e3ebb29a2e17f6ae01d1cd34a5bfcb6c82f32177d4cf130", [:mix], [], "hexpm"},
  "rustler": {:hex, :rustler, "0.10.1", "cedcce8b8960e5a8d528903891e8cc7f2f0306680a1c478455e3d8e572c65cc4", [:mix], [], "hexpm"},
  "scrape": {:hex, :scrape, "2.0.0", "ded4faddab76e18d8837cf503b38dfcecb27d677398a49a484fbf6eb8865ab25", [:mix], [{:codepagex, "~> 0.1.4", [hex: :codepagex, repo: "hexpm", optional: false]}, {:floki, "~> 0.14", [hex: :floki, repo: "hexpm", optional: false]}, {:html5ever, "~> 0.1.0", [hex: :html5ever, repo: "hexpm", optional: false]}, {:httpoison, "~> 0.11", [hex: :httpoison, repo: "hexpm", optional: false]}, {:parallel, "~> 0.0.3", [hex: :parallel, repo: "hexpm", optional: false]}, {:timex, "~> 3.0", [hex: :timex, repo: "hexpm", optional: false]}], "hexpm"},
  "ssl_verify_fun": {:hex, :ssl_verify_fun, "1.1.1", "28a4d65b7f59893bc2c7de786dec1e1555bd742d336043fe644ae956c3497fbe", [:make, :rebar], [], "hexpm"},
  "timex": {:hex, :timex, "3.1.24", "d198ae9783ac807721cca0c5535384ebdf99da4976be8cefb9665a9262a1e9e3", [:mix], [{:combine, "~> 0.7", [hex: :combine, repo: "hexpm", optional: false]}, {:gettext, "~> 0.10", [hex: :gettext, repo: "hexpm", optional: false]}, {:tzdata, "~> 0.1.8 or ~> 0.5", [hex: :tzdata, repo: "hexpm", optional: false]}], "hexpm"},
  "tzdata": {:hex, :tzdata, "0.5.16", "13424d3afc76c68ff607f2df966c0ab4f3258859bbe3c979c9ed1606135e7352", [:mix], [{:hackney, "~> 1.0", [hex: :hackney, repo: "hexpm", optional: false]}], "hexpm"},
  "unicode_util_compat": {:hex, :unicode_util_compat, "0.3.1", "a1f612a7b512638634a603c8f401892afbf99b8ce93a45041f8aaca99cadb85e", [:rebar3], [], "hexpm"},
}
